{
    "_meta": {
        "hash": {
            "sha256": "50c821b0f778b4fd136d3aa66a7a144e96b7d3afbaf4b248f847ac8281172dd2"
        },
        "pipfile-spec": 6,
        "requires": {
            "python_version": "3.8"
        },
        "sources": [
            {
                "name": "pypi",
                "url": "https://pypi.python.org/simple",
                "verify_ssl": true
            }
        ]
    },
    "default": {
        "neo4j": {
            "hashes": [
                "sha256:b19efd8949adfd6330537bd97b2d0df88e4074b741f7db4c05427498915886ec"
            ],
            "index": "pypi",
            "version": "==4.1.1"
        },
        "pytz": {
            "hashes": [
                "sha256:a494d53b6d39c3c6e44c3bec237336e14305e4f29bbf800b599253057fbb79ed",
                "sha256:c35965d010ce31b23eeb663ed3cc8c906275d6be1a34393a1d73a41febf4a048"
            ],
            "version": "==2020.1"
        }
    },
    "develop": {}
}
